
Microsoft Visual Studio Solution File, Format Version 12.00
# Visual Studio 2013
VisualStudioVersion = 12.0.31101.0
MinimumVisualStudioVersion = 10.0.40219.1
Project("{FAE04EC0-301F-11D3-BF4B-00C04F79EFBC}") = "MCS.Web.Library.Script.Json.Test", "MCS.Web.Library.Script.Json.Test.csproj", "{E1C9871E-4611-466D-AA7F-6869A1B2A108}"
	ProjectSection(ProjectDependencies) = postProject
		{4077B0B7-062A-4F6D-8A45-A180A2ED3215} = {4077B0B7-062A-4F6D-8A45-A180A2ED3215}
		{78CD90D6-129A-401C-8396-E7AD8996219E} = {78CD90D6-129A-401C-8396-E7AD8996219E}
	EndProjectSection
EndProject
Project("{FAE04EC0-301F-11D3-BF4B-00C04F79EFBC}") = "MCS.Web.Library.Script.Json", "..\..\MCS.Web.Library.Script.Json\MCS.Web.Library.Script.Json.csproj", "{78CD90D6-129A-401C-8396-E7AD8996219E}"
	ProjectSection(ProjectDependencies) = postProject
		{4077B0B7-062A-4F6D-8A45-A180A2ED3215} = {4077B0B7-062A-4F6D-8A45-A180A2ED3215}
	EndProjectSection
EndProject
Project("{FAE04EC0-301F-11D3-BF4B-00C04F79EFBC}") = "MCS.Library", "..\..\MCS.Library\MCS.Library.csproj", "{4077B0B7-062A-4F6D-8A45-A180A2ED3215}"
EndProject
Global
	GlobalSection(TeamFoundationVersionControl) = preSolution
		SccNumberOfProjects = 4
		SccEnterpriseProvider = {4CA58AB2-18FA-4F8D-95D4-32DDF27D184C}
		SccTeamFoundationServer = http://shsvr9141tfs.ciicsh.local:8080/tfs/rhso
		SccLocalPath0 = .
		SccProjectUniqueName1 = ..\\..\\MCS.Web.Library.Script.Json\\MCS.Web.Library.Script.Json.csproj
		SccProjectName1 = ../../MCS.Web.Library.Script.Json
		SccLocalPath1 = ..\\..\\MCS.Web.Library.Script.Json
		SccProjectUniqueName2 = MCS.Web.Library.Script.Json.Test.csproj
		SccLocalPath2 = .
		SccProjectUniqueName3 = ..\\..\\MCS.Library\\MCS.Library.csproj
		SccProjectName3 = ../../MCS.Library
		SccLocalPath3 = ..\\..\\MCS.Library
	EndGlobalSection
	GlobalSection(SolutionConfigurationPlatforms) = preSolution
		Debug|Any CPU = Debug|Any CPU
		Debug|x64 = Debug|x64
		Debug|x86 = Debug|x86
		DELUXEWORKSTEST|Any CPU = DELUXEWORKSTEST|Any CPU
		DELUXEWORKSTEST|x64 = DELUXEWORKSTEST|x64
		DELUXEWORKSTEST|x86 = DELUXEWORKSTEST|x86
		Release|Any CPU = Release|Any CPU
		Release|x64 = Release|x64
		Release|x86 = Release|x86
	EndGlobalSection
	GlobalSection(ProjectConfigurationPlatforms) = postSolution
		{E1C9871E-4611-466D-AA7F-6869A1B2A108}.Debug|Any CPU.ActiveCfg = Debug|Any CPU
		{E1C9871E-4611-466D-AA7F-6869A1B2A108}.Debug|Any CPU.Build.0 = Debug|Any CPU
		{E1C9871E-4611-466D-AA7F-6869A1B2A108}.Debug|x64.ActiveCfg = Debug|Any CPU
		{E1C9871E-4611-466D-AA7F-6869A1B2A108}.Debug|x86.ActiveCfg = Debug|Any CPU
		{E1C9871E-4611-466D-AA7F-6869A1B2A108}.DELUXEWORKSTEST|Any CPU.ActiveCfg = Debug|Any CPU
		{E1C9871E-4611-466D-AA7F-6869A1B2A108}.DELUXEWORKSTEST|Any CPU.Build.0 = Debug|Any CPU
		{E1C9871E-4611-466D-AA7F-6869A1B2A108}.DELUXEWORKSTEST|x64.ActiveCfg = Debug|Any CPU
		{E1C9871E-4611-466D-AA7F-6869A1B2A108}.DELUXEWORKSTEST|x86.ActiveCfg = Debug|Any CPU
		{E1C9871E-4611-466D-AA7F-6869A1B2A108}.Release|Any CPU.ActiveCfg = Release|Any CPU
		{E1C9871E-4611-466D-AA7F-6869A1B2A108}.Release|Any CPU.Build.0 = Release|Any CPU
		{E1C9871E-4611-466D-AA7F-6869A1B2A108}.Release|x64.ActiveCfg = Release|Any CPU
		{E1C9871E-4611-466D-AA7F-6869A1B2A108}.Release|x86.ActiveCfg = Release|Any CPU
		{78CD90D6-129A-401C-8396-E7AD8996219E}.Debug|Any CPU.ActiveCfg = Debug|Any CPU
		{78CD90D6-129A-401C-8396-E7AD8996219E}.Debug|Any CPU.Build.0 = Debug|Any CPU
		{78CD90D6-129A-401C-8396-E7AD8996219E}.Debug|x64.ActiveCfg = Debug|Any CPU
		{78CD90D6-129A-401C-8396-E7AD8996219E}.Debug|x86.ActiveCfg = Debug|Any CPU
		{78CD90D6-129A-401C-8396-E7AD8996219E}.DELUXEWORKSTEST|Any CPU.ActiveCfg = Debug|Any CPU
		{78CD90D6-129A-401C-8396-E7AD8996219E}.DELUXEWORKSTEST|Any CPU.Build.0 = Debug|Any CPU
		{78CD90D6-129A-401C-8396-E7AD8996219E}.DELUXEWORKSTEST|x64.ActiveCfg = Debug|Any CPU
		{78CD90D6-129A-401C-8396-E7AD8996219E}.DELUXEWORKSTEST|x86.ActiveCfg = Debug|Any CPU
		{78CD90D6-129A-401C-8396-E7AD8996219E}.Release|Any CPU.ActiveCfg = Release|Any CPU
		{78CD90D6-129A-401C-8396-E7AD8996219E}.Release|Any CPU.Build.0 = Release|Any CPU
		{78CD90D6-129A-401C-8396-E7AD8996219E}.Release|x64.ActiveCfg = Release|Any CPU
		{78CD90D6-129A-401C-8396-E7AD8996219E}.Release|x86.ActiveCfg = Release|Any CPU
		{4077B0B7-062A-4F6D-8A45-A180A2ED3215}.Debug|Any CPU.ActiveCfg = Debug|Any CPU
		{4077B0B7-062A-4F6D-8A45-A180A2ED3215}.Debug|Any CPU.Build.0 = Debug|Any CPU
		{4077B0B7-062A-4F6D-8A45-A180A2ED3215}.Debug|x64.ActiveCfg = Debug|x64
		{4077B0B7-062A-4F6D-8A45-A180A2ED3215}.Debug|x64.Build.0 = Debug|x64
		{4077B0B7-062A-4F6D-8A45-A180A2ED3215}.Debug|x86.ActiveCfg = Debug|x86
		{4077B0B7-062A-4F6D-8A45-A180A2ED3215}.Debug|x86.Build.0 = Debug|x86
		{4077B0B7-062A-4F6D-8A45-A180A2ED3215}.DELUXEWORKSTEST|Any CPU.ActiveCfg = DELUXEWORKSTEST|Any CPU
		{4077B0B7-062A-4F6D-8A45-A180A2ED3215}.DELUXEWORKSTEST|Any CPU.Build.0 = DELUXEWORKSTEST|Any CPU
		{4077B0B7-062A-4F6D-8A45-A180A2ED3215}.DELUXEWORKSTEST|x64.ActiveCfg = DELUXEWORKSTEST|x64
		{4077B0B7-062A-4F6D-8A45-A180A2ED3215}.DELUXEWORKSTEST|x64.Build.0 = DELUXEWORKSTEST|x64
		{4077B0B7-062A-4F6D-8A45-A180A2ED3215}.DELUXEWORKSTEST|x86.ActiveCfg = DELUXEWORKSTEST|x86
		{4077B0B7-062A-4F6D-8A45-A180A2ED3215}.DELUXEWORKSTEST|x86.Build.0 = DELUXEWORKSTEST|x86
		{4077B0B7-062A-4F6D-8A45-A180A2ED3215}.Release|Any CPU.ActiveCfg = Release|Any CPU
		{4077B0B7-062A-4F6D-8A45-A180A2ED3215}.Release|Any CPU.Build.0 = Release|Any CPU
		{4077B0B7-062A-4F6D-8A45-A180A2ED3215}.Release|x64.ActiveCfg = Release|x64
		{4077B0B7-062A-4F6D-8A45-A180A2ED3215}.Release|x64.Build.0 = Release|x64
		{4077B0B7-062A-4F6D-8A45-A180A2ED3215}.Release|x86.ActiveCfg = Release|x86
		{4077B0B7-062A-4F6D-8A45-A180A2ED3215}.Release|x86.Build.0 = Release|x86
	EndGlobalSection
	GlobalSection(SolutionProperties) = preSolution
		HideSolutionNode = FALSE
	EndGlobalSection
EndGlobal
