
Microsoft Visual Studio Solution File, Format Version 12.00
# Visual Studio 2013
Project("{FAE04EC0-301F-11D3-BF4B-00C04F79EFBC}") = "MCS.Library.Workflow", "MCS.Library.Workflow.csproj", "{4513F90C-07E2-47C4-871C-43FDA4F66767}"
EndProject
Global
	
	GlobalSection(SolutionConfigurationPlatforms) = preSolution
		Debug|Any CPU = Debug|Any CPU
		DELUXEWORKSTEST|Any CPU = DELUXEWORKSTEST|Any CPU
		Release|Any CPU = Release|Any CPU
	EndGlobalSection
	GlobalSection(ProjectConfigurationPlatforms) = postSolution
		{4513F90C-07E2-47C4-871C-43FDA4F66767}.Debug|Any CPU.ActiveCfg = Debug|Any CPU
		{4513F90C-07E2-47C4-871C-43FDA4F66767}.Debug|Any CPU.Build.0 = Debug|Any CPU
		{4513F90C-07E2-47C4-871C-43FDA4F66767}.DELUXEWORKSTEST|Any CPU.ActiveCfg = DELUXEWORKSTEST|Any CPU
		{4513F90C-07E2-47C4-871C-43FDA4F66767}.DELUXEWORKSTEST|Any CPU.Build.0 = DELUXEWORKSTEST|Any CPU
		{4513F90C-07E2-47C4-871C-43FDA4F66767}.Release|Any CPU.ActiveCfg = Release|Any CPU
		{4513F90C-07E2-47C4-871C-43FDA4F66767}.Release|Any CPU.Build.0 = Release|Any CPU
	EndGlobalSection
	GlobalSection(SolutionProperties) = preSolution
		HideSolutionNode = FALSE
	EndGlobalSection
EndGlobal
