
Microsoft Visual Studio Solution File, Format Version 12.00
# Visual Studio 2013
VisualStudioVersion = 12.0.30723.0
MinimumVisualStudioVersion = 10.0.40219.1
Project("{FAE04EC0-301F-11D3-BF4B-00C04F79EFBC}") = "MCS.Library.WF.Contracts.Converters.Test", "MCS.Library.WF.Contracts.Converters.Test.csproj", "{3E512021-EEDB-4B60-9242-C6E2CE613858}"
	ProjectSection(ProjectDependencies) = postProject
		{4313DE1E-738F-477D-B7FD-B237E9116670} = {4313DE1E-738F-477D-B7FD-B237E9116670}
		{7905642F-4630-4D16-AF40-CB1FB70D516F} = {7905642F-4630-4D16-AF40-CB1FB70D516F}
		{E24FAE52-428F-4B6E-8D9D-B24E7EE0A940} = {E24FAE52-428F-4B6E-8D9D-B24E7EE0A940}
		{CBD91CA5-A50B-4F3E-AA77-E9CA9A8358C4} = {CBD91CA5-A50B-4F3E-AA77-E9CA9A8358C4}
		{2BDA53BC-7BD9-4707-8DA4-A8B6DF7A46DC} = {2BDA53BC-7BD9-4707-8DA4-A8B6DF7A46DC}
	EndProjectSection
EndProject
Project("{FAE04EC0-301F-11D3-BF4B-00C04F79EFBC}") = "MCS.Library.WF.Contracts", "..\..\MCS.Library.WF.Contracts\MCS.Library.WF.Contracts.csproj", "{E24FAE52-428F-4B6E-8D9D-B24E7EE0A940}"
	ProjectSection(ProjectDependencies) = postProject
		{BCCA14A9-DC96-45C8-91C1-77CA6E51F70C} = {BCCA14A9-DC96-45C8-91C1-77CA6E51F70C}
		{4077B0B7-062A-4F6D-8A45-A180A2ED3215} = {4077B0B7-062A-4F6D-8A45-A180A2ED3215}
	EndProjectSection
EndProject
Project("{FAE04EC0-301F-11D3-BF4B-00C04F79EFBC}") = "MCS.Library.WF.Contracts.Converters", "..\..\MCS.Library.WF.Contracts.Converters\MCS.Library.WF.Contracts.Converters.csproj", "{CBD91CA5-A50B-4F3E-AA77-E9CA9A8358C4}"
	ProjectSection(ProjectDependencies) = postProject
		{7905642F-4630-4D16-AF40-CB1FB70D516F} = {7905642F-4630-4D16-AF40-CB1FB70D516F}
		{E24FAE52-428F-4B6E-8D9D-B24E7EE0A940} = {E24FAE52-428F-4B6E-8D9D-B24E7EE0A940}
		{BCCA14A9-DC96-45C8-91C1-77CA6E51F70C} = {BCCA14A9-DC96-45C8-91C1-77CA6E51F70C}
		{4077B0B7-062A-4F6D-8A45-A180A2ED3215} = {4077B0B7-062A-4F6D-8A45-A180A2ED3215}
	EndProjectSection
EndProject
Project("{FAE04EC0-301F-11D3-BF4B-00C04F79EFBC}") = "MCS.Library.SOA.DataObjects", "..\..\MCS.Library.SOA.DataObjects\MCS.Library.SOA.DataObjects.csproj", "{7905642F-4630-4D16-AF40-CB1FB70D516F}"
	ProjectSection(ProjectDependencies) = postProject
		{4313DE1E-738F-477D-B7FD-B237E9116670} = {4313DE1E-738F-477D-B7FD-B237E9116670}
		{4077B0B7-062A-4F6D-8A45-A180A2ED3215} = {4077B0B7-062A-4F6D-8A45-A180A2ED3215}
	EndProjectSection
EndProject
Project("{FAE04EC0-301F-11D3-BF4B-00C04F79EFBC}") = "MCS.Library.Services.Contracts", "..\..\MCS.Library.Services.Contracts\MCS.Library.Services.Contracts.csproj", "{BCCA14A9-DC96-45C8-91C1-77CA6E51F70C}"
	ProjectSection(ProjectDependencies) = postProject
		{4077B0B7-062A-4F6D-8A45-A180A2ED3215} = {4077B0B7-062A-4F6D-8A45-A180A2ED3215}
	EndProjectSection
EndProject
Project("{FAE04EC0-301F-11D3-BF4B-00C04F79EFBC}") = "MCS.Library.Data", "..\..\MCS.Library.Data\MCS.Library.Data.csproj", "{4313DE1E-738F-477D-B7FD-B237E9116670}"
	ProjectSection(ProjectDependencies) = postProject
		{4077B0B7-062A-4F6D-8A45-A180A2ED3215} = {4077B0B7-062A-4F6D-8A45-A180A2ED3215}
	EndProjectSection
EndProject
Project("{FAE04EC0-301F-11D3-BF4B-00C04F79EFBC}") = "MCS.Library.WF.Contracts.Common.Test", "..\MCS.Library.WF.Contracts.Common.Test\MCS.Library.WF.Contracts.Common.Test.csproj", "{A423B431-45D1-4DE1-AF5F-160A3A4C8B19}"
	ProjectSection(ProjectDependencies) = postProject
		{4313DE1E-738F-477D-B7FD-B237E9116670} = {4313DE1E-738F-477D-B7FD-B237E9116670}
		{7905642F-4630-4D16-AF40-CB1FB70D516F} = {7905642F-4630-4D16-AF40-CB1FB70D516F}
		{E24FAE52-428F-4B6E-8D9D-B24E7EE0A940} = {E24FAE52-428F-4B6E-8D9D-B24E7EE0A940}
		{CBD91CA5-A50B-4F3E-AA77-E9CA9A8358C4} = {CBD91CA5-A50B-4F3E-AA77-E9CA9A8358C4}
		{BCCA14A9-DC96-45C8-91C1-77CA6E51F70C} = {BCCA14A9-DC96-45C8-91C1-77CA6E51F70C}
	EndProjectSection
EndProject
Project("{FAE04EC0-301F-11D3-BF4B-00C04F79EFBC}") = "MCS.Library.WF.Contracts.Json", "..\..\MCS.Library.WF.Contracts.Json\MCS.Library.WF.Contracts.Json.csproj", "{2BDA53BC-7BD9-4707-8DA4-A8B6DF7A46DC}"
	ProjectSection(ProjectDependencies) = postProject
		{E24FAE52-428F-4B6E-8D9D-B24E7EE0A940} = {E24FAE52-428F-4B6E-8D9D-B24E7EE0A940}
		{BCCA14A9-DC96-45C8-91C1-77CA6E51F70C} = {BCCA14A9-DC96-45C8-91C1-77CA6E51F70C}
		{4077B0B7-062A-4F6D-8A45-A180A2ED3215} = {4077B0B7-062A-4F6D-8A45-A180A2ED3215}
	EndProjectSection
EndProject
Project("{2150E333-8FDC-42A3-9474-1A3956D46DE8}") = "Solution Items", "Solution Items", "{BDD39326-7500-4E20-A16D-B7793763A533}"
	ProjectSection(SolutionItems) = preProject
		Converters.TestSettings.testsettings = Converters.TestSettings.testsettings
	EndProjectSection
EndProject
Project("{FAE04EC0-301F-11D3-BF4B-00C04F79EFBC}") = "MCS.Library", "..\..\MCS.Library\MCS.Library.csproj", "{4077B0B7-062A-4F6D-8A45-A180A2ED3215}"
EndProject
Global
	GlobalSection(TeamFoundationVersionControl) = preSolution
		SccNumberOfProjects = 10
		SccEnterpriseProvider = {4CA58AB2-18FA-4F8D-95D4-32DDF27D184C}
		SccTeamFoundationServer = http://shsvr9141tfs.ciicsh.local:8080/tfs/rhso
		SccLocalPath0 = .
		SccProjectUniqueName1 = ..\\..\\MCS.Library.WF.Contracts\\MCS.Library.WF.Contracts.csproj
		SccProjectName1 = ../../MCS.Library.WF.Contracts
		SccLocalPath1 = ..\\..\\MCS.Library.WF.Contracts
		SccProjectUniqueName2 = ..\\..\\MCS.Library.SOA.DataObjects\\MCS.Library.SOA.DataObjects.csproj
		SccProjectName2 = ../../MCS.Library.SOA.DataObjects
		SccLocalPath2 = ..\\..\\MCS.Library.SOA.DataObjects
		SccProjectUniqueName3 = ..\\..\\MCS.Library.Services.Contracts\\MCS.Library.Services.Contracts.csproj
		SccProjectName3 = ../../MCS.Library.Services.Contracts
		SccLocalPath3 = ..\\..\\MCS.Library.Services.Contracts
		SccProjectUniqueName4 = ..\\..\\MCS.Library.WF.Contracts.Converters\\MCS.Library.WF.Contracts.Converters.csproj
		SccProjectName4 = ../../MCS.Library.WF.Contracts.Converters
		SccLocalPath4 = ..\\..\\MCS.Library.WF.Contracts.Converters
		SccProjectUniqueName5 = MCS.Library.WF.Contracts.Converters.Test.csproj
		SccLocalPath5 = .
		SccProjectUniqueName6 = ..\\..\\MCS.Library.Data\\MCS.Library.Data.csproj
		SccProjectName6 = ../../MCS.Library.Data
		SccLocalPath6 = ..\\..\\MCS.Library.Data
		SccProjectUniqueName7 = ..\\..\\MCS.Library.WF.Contracts.Json\\MCS.Library.WF.Contracts.Json.csproj
		SccProjectName7 = ../../MCS.Library.WF.Contracts.Json
		SccLocalPath7 = ..\\..\\MCS.Library.WF.Contracts.Json
		SccProjectUniqueName8 = ..\\MCS.Library.WF.Contracts.Common.Test\\MCS.Library.WF.Contracts.Common.Test.csproj
		SccProjectName8 = ../MCS.Library.WF.Contracts.Common.Test
		SccLocalPath8 = ..\\MCS.Library.WF.Contracts.Common.Test
		SccProjectUniqueName9 = ..\\..\\MCS.Library\\MCS.Library.csproj
		SccProjectName9 = ../../MCS.Library
		SccLocalPath9 = ..\\..\\MCS.Library
	EndGlobalSection
	GlobalSection(SolutionConfigurationPlatforms) = preSolution
		Debug|Any CPU = Debug|Any CPU
		DELUXEWORKSTEST|Any CPU = DELUXEWORKSTEST|Any CPU
		Release|Any CPU = Release|Any CPU
	EndGlobalSection
	GlobalSection(ProjectConfigurationPlatforms) = postSolution
		{3E512021-EEDB-4B60-9242-C6E2CE613858}.Debug|Any CPU.ActiveCfg = Debug|Any CPU
		{3E512021-EEDB-4B60-9242-C6E2CE613858}.Debug|Any CPU.Build.0 = Debug|Any CPU
		{3E512021-EEDB-4B60-9242-C6E2CE613858}.DELUXEWORKSTEST|Any CPU.ActiveCfg = Debug|Any CPU
		{3E512021-EEDB-4B60-9242-C6E2CE613858}.DELUXEWORKSTEST|Any CPU.Build.0 = Debug|Any CPU
		{3E512021-EEDB-4B60-9242-C6E2CE613858}.Release|Any CPU.ActiveCfg = Release|Any CPU
		{3E512021-EEDB-4B60-9242-C6E2CE613858}.Release|Any CPU.Build.0 = Release|Any CPU
		{E24FAE52-428F-4B6E-8D9D-B24E7EE0A940}.Debug|Any CPU.ActiveCfg = Debug|Any CPU
		{E24FAE52-428F-4B6E-8D9D-B24E7EE0A940}.Debug|Any CPU.Build.0 = Debug|Any CPU
		{E24FAE52-428F-4B6E-8D9D-B24E7EE0A940}.DELUXEWORKSTEST|Any CPU.ActiveCfg = Debug|Any CPU
		{E24FAE52-428F-4B6E-8D9D-B24E7EE0A940}.DELUXEWORKSTEST|Any CPU.Build.0 = Debug|Any CPU
		{E24FAE52-428F-4B6E-8D9D-B24E7EE0A940}.Release|Any CPU.ActiveCfg = Release|Any CPU
		{E24FAE52-428F-4B6E-8D9D-B24E7EE0A940}.Release|Any CPU.Build.0 = Release|Any CPU
		{CBD91CA5-A50B-4F3E-AA77-E9CA9A8358C4}.Debug|Any CPU.ActiveCfg = Debug|Any CPU
		{CBD91CA5-A50B-4F3E-AA77-E9CA9A8358C4}.Debug|Any CPU.Build.0 = Debug|Any CPU
		{CBD91CA5-A50B-4F3E-AA77-E9CA9A8358C4}.DELUXEWORKSTEST|Any CPU.ActiveCfg = Debug|Any CPU
		{CBD91CA5-A50B-4F3E-AA77-E9CA9A8358C4}.DELUXEWORKSTEST|Any CPU.Build.0 = Debug|Any CPU
		{CBD91CA5-A50B-4F3E-AA77-E9CA9A8358C4}.Release|Any CPU.ActiveCfg = Release|Any CPU
		{CBD91CA5-A50B-4F3E-AA77-E9CA9A8358C4}.Release|Any CPU.Build.0 = Release|Any CPU
		{7905642F-4630-4D16-AF40-CB1FB70D516F}.Debug|Any CPU.ActiveCfg = Debug|Any CPU
		{7905642F-4630-4D16-AF40-CB1FB70D516F}.Debug|Any CPU.Build.0 = Debug|Any CPU
		{7905642F-4630-4D16-AF40-CB1FB70D516F}.DELUXEWORKSTEST|Any CPU.ActiveCfg = Debug|Any CPU
		{7905642F-4630-4D16-AF40-CB1FB70D516F}.DELUXEWORKSTEST|Any CPU.Build.0 = Debug|Any CPU
		{7905642F-4630-4D16-AF40-CB1FB70D516F}.Release|Any CPU.ActiveCfg = Release|Any CPU
		{7905642F-4630-4D16-AF40-CB1FB70D516F}.Release|Any CPU.Build.0 = Release|Any CPU
		{BCCA14A9-DC96-45C8-91C1-77CA6E51F70C}.Debug|Any CPU.ActiveCfg = Debug|Any CPU
		{BCCA14A9-DC96-45C8-91C1-77CA6E51F70C}.Debug|Any CPU.Build.0 = Debug|Any CPU
		{BCCA14A9-DC96-45C8-91C1-77CA6E51F70C}.DELUXEWORKSTEST|Any CPU.ActiveCfg = Debug|Any CPU
		{BCCA14A9-DC96-45C8-91C1-77CA6E51F70C}.DELUXEWORKSTEST|Any CPU.Build.0 = Debug|Any CPU
		{BCCA14A9-DC96-45C8-91C1-77CA6E51F70C}.Release|Any CPU.ActiveCfg = Release|Any CPU
		{BCCA14A9-DC96-45C8-91C1-77CA6E51F70C}.Release|Any CPU.Build.0 = Release|Any CPU
		{4313DE1E-738F-477D-B7FD-B237E9116670}.Debug|Any CPU.ActiveCfg = Debug|Any CPU
		{4313DE1E-738F-477D-B7FD-B237E9116670}.Debug|Any CPU.Build.0 = Debug|Any CPU
		{4313DE1E-738F-477D-B7FD-B237E9116670}.DELUXEWORKSTEST|Any CPU.ActiveCfg = DELUXEWORKSTEST|Any CPU
		{4313DE1E-738F-477D-B7FD-B237E9116670}.DELUXEWORKSTEST|Any CPU.Build.0 = DELUXEWORKSTEST|Any CPU
		{4313DE1E-738F-477D-B7FD-B237E9116670}.Release|Any CPU.ActiveCfg = Release|Any CPU
		{4313DE1E-738F-477D-B7FD-B237E9116670}.Release|Any CPU.Build.0 = Release|Any CPU
		{A423B431-45D1-4DE1-AF5F-160A3A4C8B19}.Debug|Any CPU.ActiveCfg = Debug|Any CPU
		{A423B431-45D1-4DE1-AF5F-160A3A4C8B19}.Debug|Any CPU.Build.0 = Debug|Any CPU
		{A423B431-45D1-4DE1-AF5F-160A3A4C8B19}.DELUXEWORKSTEST|Any CPU.ActiveCfg = Debug|Any CPU
		{A423B431-45D1-4DE1-AF5F-160A3A4C8B19}.DELUXEWORKSTEST|Any CPU.Build.0 = Debug|Any CPU
		{A423B431-45D1-4DE1-AF5F-160A3A4C8B19}.Release|Any CPU.ActiveCfg = Release|Any CPU
		{A423B431-45D1-4DE1-AF5F-160A3A4C8B19}.Release|Any CPU.Build.0 = Release|Any CPU
		{2BDA53BC-7BD9-4707-8DA4-A8B6DF7A46DC}.Debug|Any CPU.ActiveCfg = Debug|Any CPU
		{2BDA53BC-7BD9-4707-8DA4-A8B6DF7A46DC}.Debug|Any CPU.Build.0 = Debug|Any CPU
		{2BDA53BC-7BD9-4707-8DA4-A8B6DF7A46DC}.DELUXEWORKSTEST|Any CPU.ActiveCfg = Debug|Any CPU
		{2BDA53BC-7BD9-4707-8DA4-A8B6DF7A46DC}.DELUXEWORKSTEST|Any CPU.Build.0 = Debug|Any CPU
		{2BDA53BC-7BD9-4707-8DA4-A8B6DF7A46DC}.Release|Any CPU.ActiveCfg = Release|Any CPU
		{2BDA53BC-7BD9-4707-8DA4-A8B6DF7A46DC}.Release|Any CPU.Build.0 = Release|Any CPU
		{4077B0B7-062A-4F6D-8A45-A180A2ED3215}.Debug|Any CPU.ActiveCfg = Debug|Any CPU
		{4077B0B7-062A-4F6D-8A45-A180A2ED3215}.Debug|Any CPU.Build.0 = Debug|Any CPU
		{4077B0B7-062A-4F6D-8A45-A180A2ED3215}.DELUXEWORKSTEST|Any CPU.ActiveCfg = DELUXEWORKSTEST|Any CPU
		{4077B0B7-062A-4F6D-8A45-A180A2ED3215}.DELUXEWORKSTEST|Any CPU.Build.0 = DELUXEWORKSTEST|Any CPU
		{4077B0B7-062A-4F6D-8A45-A180A2ED3215}.Release|Any CPU.ActiveCfg = Release|Any CPU
		{4077B0B7-062A-4F6D-8A45-A180A2ED3215}.Release|Any CPU.Build.0 = Release|Any CPU
	EndGlobalSection
	GlobalSection(SolutionProperties) = preSolution
		HideSolutionNode = FALSE
	EndGlobalSection
EndGlobal
