
Microsoft Visual Studio Solution File, Format Version 12.00
# Visual Studio 2013
VisualStudioVersion = 12.0.31101.0
MinimumVisualStudioVersion = 10.0.40219.1
Project("{FAE04EC0-301F-11D3-BF4B-00C04F79EFBC}") = "OpenAndSaveExcelTest", "OpenAndSaveExcelTest.csproj", "{24563479-8481-440C-AC82-A7C3560FC5FA}"
	ProjectSection(ProjectDependencies) = postProject
		{69A1E346-A9A4-49A3-B9B0-CAA03BCE8A62} = {69A1E346-A9A4-49A3-B9B0-CAA03BCE8A62}
	EndProjectSection
EndProject
Project("{FAE04EC0-301F-11D3-BF4B-00C04F79EFBC}") = "MCS.Library.Office.OpenXml.Excel", "..\..\MCS.Library.Office.OpenXml.Excel\MCS.Library.Office.OpenXml.Excel.csproj", "{69A1E346-A9A4-49A3-B9B0-CAA03BCE8A62}"
EndProject
Global
	GlobalSection(SolutionConfigurationPlatforms) = preSolution
		Debug|Any CPU = Debug|Any CPU
		Release|Any CPU = Release|Any CPU
	EndGlobalSection
	GlobalSection(ProjectConfigurationPlatforms) = postSolution
		{24563479-8481-440C-AC82-A7C3560FC5FA}.Debug|Any CPU.ActiveCfg = Debug|Any CPU
		{24563479-8481-440C-AC82-A7C3560FC5FA}.Debug|Any CPU.Build.0 = Debug|Any CPU
		{24563479-8481-440C-AC82-A7C3560FC5FA}.Release|Any CPU.ActiveCfg = Release|Any CPU
		{24563479-8481-440C-AC82-A7C3560FC5FA}.Release|Any CPU.Build.0 = Release|Any CPU
		{69A1E346-A9A4-49A3-B9B0-CAA03BCE8A62}.Debug|Any CPU.ActiveCfg = Debug|Any CPU
		{69A1E346-A9A4-49A3-B9B0-CAA03BCE8A62}.Debug|Any CPU.Build.0 = Debug|Any CPU
		{69A1E346-A9A4-49A3-B9B0-CAA03BCE8A62}.Release|Any CPU.ActiveCfg = Release|Any CPU
		{69A1E346-A9A4-49A3-B9B0-CAA03BCE8A62}.Release|Any CPU.Build.0 = Release|Any CPU
	EndGlobalSection
	GlobalSection(SolutionProperties) = preSolution
		HideSolutionNode = FALSE
	EndGlobalSection
EndGlobal
