Microsoft Visual Studio Solution File, Format Version 12.00
# Visual Studio 2013
VisualStudioVersion = 12.0.30501.0
MinimumVisualStudioVersion = 10.0.40219.1
Project("{FAE04EC0-301F-11D3-BF4B-00C04F79EFBC}") = "WfExtraBackgroundServices", "WfExtraBackgroundServices.csproj", "{6595849C-F118-46D9-AD88-B3F20053E082}"
EndProject
Project("{FAE04EC0-301F-11D3-BF4B-00C04F79EFBC}") = "MCSServiceMain", "..\MCSServiceMain\MCSServiceMain.csproj", "{CC58A8A2-E86E-47F5-8A4B-2E0D793D2252}"
EndProject
Project("{FAE04EC0-301F-11D3-BF4B-00C04F79EFBC}") = "MCS.Library.SOA.DataObjects", "..\..\Framework\MCS.Library.SOA.DataObjects\MCS.Library.SOA.DataObjects.csproj", "{7905642F-4630-4D16-AF40-CB1FB70D516F}"
EndProject
Global
	GlobalSection(TeamFoundationVersionControl) = preSolution
		SccNumberOfProjects = 4
		SccEnterpriseProvider = {4CA58AB2-18FA-4F8D-95D4-32DDF27D184C}
		SccTeamFoundationServer = http://shsvr9141tfs.ciicsh.local:8080/tfs/rhso
		SccProjectUniqueName0 = ..\\MCSServiceMain\\MCSServiceMain.csproj
		SccProjectName0 = ../MCSServiceMain
		SccLocalPath0 = ..\\MCSServiceMain
		SccProjectUniqueName1 = ..\\..\\Framework\\MCS.Library.SOA.DataObjects\\MCS.Library.SOA.DataObjects.csproj
		SccProjectName1 = ../../Framework/MCS.Library.SOA.DataObjects
		SccLocalPath1 = ..\\..\\Framework\\MCS.Library.SOA.DataObjects
		SccLocalPath2 = .
		SccProjectUniqueName3 = WfExtraBackgroundServices.csproj
		SccLocalPath3 = .
	EndGlobalSection
	GlobalSection(SolutionConfigurationPlatforms) = preSolution
		Debug|Any CPU = Debug|Any CPU
		Debug|Mixed Platforms = Debug|Mixed Platforms
		Debug|x86 = Debug|x86
		Release|Any CPU = Release|Any CPU
		Release|Mixed Platforms = Release|Mixed Platforms
		Release|x86 = Release|x86
	EndGlobalSection
	GlobalSection(ProjectConfigurationPlatforms) = postSolution
		{6595849C-F118-46D9-AD88-B3F20053E082}.Debug|Any CPU.ActiveCfg = Debug|x86
		{6595849C-F118-46D9-AD88-B3F20053E082}.Debug|Mixed Platforms.ActiveCfg = Debug|x86
		{6595849C-F118-46D9-AD88-B3F20053E082}.Debug|Mixed Platforms.Build.0 = Debug|x86
		{6595849C-F118-46D9-AD88-B3F20053E082}.Debug|x86.ActiveCfg = Debug|x86
		{6595849C-F118-46D9-AD88-B3F20053E082}.Debug|x86.Build.0 = Debug|x86
		{6595849C-F118-46D9-AD88-B3F20053E082}.Release|Any CPU.ActiveCfg = Release|x86
		{6595849C-F118-46D9-AD88-B3F20053E082}.Release|Mixed Platforms.ActiveCfg = Release|x86
		{6595849C-F118-46D9-AD88-B3F20053E082}.Release|Mixed Platforms.Build.0 = Release|x86
		{6595849C-F118-46D9-AD88-B3F20053E082}.Release|x86.ActiveCfg = Release|x86
		{6595849C-F118-46D9-AD88-B3F20053E082}.Release|x86.Build.0 = Release|x86
		{CC58A8A2-E86E-47F5-8A4B-2E0D793D2252}.Debug|Any CPU.ActiveCfg = Debug|Any CPU
		{CC58A8A2-E86E-47F5-8A4B-2E0D793D2252}.Debug|Any CPU.Build.0 = Debug|Any CPU
		{CC58A8A2-E86E-47F5-8A4B-2E0D793D2252}.Debug|Mixed Platforms.ActiveCfg = Debug|Any CPU
		{CC58A8A2-E86E-47F5-8A4B-2E0D793D2252}.Debug|Mixed Platforms.Build.0 = Debug|Any CPU
		{CC58A8A2-E86E-47F5-8A4B-2E0D793D2252}.Debug|x86.ActiveCfg = Debug|Any CPU
		{CC58A8A2-E86E-47F5-8A4B-2E0D793D2252}.Release|Any CPU.ActiveCfg = Release|Any CPU
		{CC58A8A2-E86E-47F5-8A4B-2E0D793D2252}.Release|Any CPU.Build.0 = Release|Any CPU
		{CC58A8A2-E86E-47F5-8A4B-2E0D793D2252}.Release|Mixed Platforms.ActiveCfg = Release|Any CPU
		{CC58A8A2-E86E-47F5-8A4B-2E0D793D2252}.Release|Mixed Platforms.Build.0 = Release|Any CPU
		{CC58A8A2-E86E-47F5-8A4B-2E0D793D2252}.Release|x86.ActiveCfg = Release|Any CPU
		{7905642F-4630-4D16-AF40-CB1FB70D516F}.Debug|Any CPU.ActiveCfg = Debug|Any CPU
		{7905642F-4630-4D16-AF40-CB1FB70D516F}.Debug|Any CPU.Build.0 = Debug|Any CPU
		{7905642F-4630-4D16-AF40-CB1FB70D516F}.Debug|Mixed Platforms.ActiveCfg = Debug|Any CPU
		{7905642F-4630-4D16-AF40-CB1FB70D516F}.Debug|Mixed Platforms.Build.0 = Debug|Any CPU
		{7905642F-4630-4D16-AF40-CB1FB70D516F}.Debug|x86.ActiveCfg = Debug|Any CPU
		{7905642F-4630-4D16-AF40-CB1FB70D516F}.Release|Any CPU.ActiveCfg = Release|Any CPU
		{7905642F-4630-4D16-AF40-CB1FB70D516F}.Release|Any CPU.Build.0 = Release|Any CPU
		{7905642F-4630-4D16-AF40-CB1FB70D516F}.Release|Mixed Platforms.ActiveCfg = Release|Any CPU
		{7905642F-4630-4D16-AF40-CB1FB70D516F}.Release|Mixed Platforms.Build.0 = Release|Any CPU
		{7905642F-4630-4D16-AF40-CB1FB70D516F}.Release|x86.ActiveCfg = Release|Any CPU
	EndGlobalSection
	GlobalSection(SolutionProperties) = preSolution
		HideSolutionNode = FALSE
	EndGlobalSection
EndGlobal
