Microsoft Visual Studio Solution File, Format Version 12.00
# Visual Studio 2013
VisualStudioVersion = 12.0.30501.0
MinimumVisualStudioVersion = 10.0.40219.1
Project("{FAE04EC0-301F-11D3-BF4B-00C04F79EFBC}") = "MCSServiceMain", "MCSServiceMain.csproj", "{CC58A8A2-E86E-47F5-8A4B-2E0D793D2252}"
EndProject
Global
	GlobalSection(TeamFoundationVersionControl) = preSolution
		SccNumberOfProjects = 2
		SccEnterpriseProvider = {4CA58AB2-18FA-4F8D-95D4-32DDF27D184C}
		SccTeamFoundationServer = http://shsvr9141tfs.ciicsh.local:8080/tfs/rhso
		SccProjectUniqueName0 = MCSServiceMain.csproj
		SccLocalPath0 = .
		SccLocalPath1 = .
	EndGlobalSection
	GlobalSection(SolutionConfigurationPlatforms) = preSolution
		Debug|Any CPU = Debug|Any CPU
		Release|Any CPU = Release|Any CPU
	EndGlobalSection
	GlobalSection(ProjectConfigurationPlatforms) = postSolution
		{CC58A8A2-E86E-47F5-8A4B-2E0D793D2252}.Debug|Any CPU.ActiveCfg = Debug|Any CPU
		{CC58A8A2-E86E-47F5-8A4B-2E0D793D2252}.Debug|Any CPU.Build.0 = Debug|Any CPU
		{CC58A8A2-E86E-47F5-8A4B-2E0D793D2252}.Release|Any CPU.ActiveCfg = Release|Any CPU
		{CC58A8A2-E86E-47F5-8A4B-2E0D793D2252}.Release|Any CPU.Build.0 = Release|Any CPU
	EndGlobalSection
	GlobalSection(SolutionProperties) = preSolution
		HideSolutionNode = FALSE
	EndGlobalSection
EndGlobal
