
Microsoft Visual Studio Solution File, Format Version 12.00
# Visual Studio 2013
Project("{FAE04EC0-301F-11D3-BF4B-00C04F79EFBC}") = "MCSServiceMain", "MCSServiceMain.csproj", "{CC58A8A2-E86E-47F5-8A4B-2E0D793D2252}"
	ProjectSection(ProjectDependencies) = postProject
		{4077B0B7-062A-4F6D-8A45-A180A2ED3215} = {4077B0B7-062A-4F6D-8A45-A180A2ED3215}
	EndProjectSection
EndProject
Project("{FAE04EC0-301F-11D3-BF4B-00C04F79EFBC}") = "MCS.Library", "..\..\Framework\MCS.Library\MCS.Library.csproj", "{4077B0B7-062A-4F6D-8A45-A180A2ED3215}"
EndProject
Project("{FAE04EC0-301F-11D3-BF4B-00C04F79EFBC}") = "MCS.Services.Messages", "..\MCS.Services.Messages\MCS.Services.Messages.csproj", "{57346CDA-ACB1-42C4-BDCE-E93705FE6F2E}"
EndProject
Project("{FAE04EC0-301F-11D3-BF4B-00C04F79EFBC}") = "MCS.Library.SOA.DataObjects", "..\..\Framework\MCS.Library.SOA.DataObjects\MCS.Library.SOA.DataObjects.csproj", "{7905642F-4630-4D16-AF40-CB1FB70D516F}"
EndProject
Project("{FAE04EC0-301F-11D3-BF4B-00C04F79EFBC}") = "MCS.Library.ServiceBase", "..\..\Framework\MCS.Library.ServiceBase\MCS.Library.ServiceBase.csproj", "{90B002AA-161D-406E-A030-7FBE21D17A89}"
EndProject
Project("{FAE04EC0-301F-11D3-BF4B-00C04F79EFBC}") = "ActivateWfProcessService", "..\ActivateWfProcessService\ActivateWfProcessService.csproj", "{E1AF2D04-05F7-4325-B0A1-9C95CEBE3191}"
EndProject
Project("{FAE04EC0-301F-11D3-BF4B-00C04F79EFBC}") = "InvalidAssigneesNotificationService", "..\InvalidAssigneesNotificationService\InvalidAssigneesNotificationService.csproj", "{9156D3BD-76E4-40B6-82BB-8DE30360AE25}"
EndProject
Global
	
	GlobalSection(SolutionConfigurationPlatforms) = preSolution
		Debug|Any CPU = Debug|Any CPU
		DELUXEWORKSTEST|Any CPU = DELUXEWORKSTEST|Any CPU
		Release|Any CPU = Release|Any CPU
	EndGlobalSection
	GlobalSection(ProjectConfigurationPlatforms) = postSolution
		{CC58A8A2-E86E-47F5-8A4B-2E0D793D2252}.Debug|Any CPU.ActiveCfg = Debug|Any CPU
		{CC58A8A2-E86E-47F5-8A4B-2E0D793D2252}.Debug|Any CPU.Build.0 = Debug|Any CPU
		{CC58A8A2-E86E-47F5-8A4B-2E0D793D2252}.DELUXEWORKSTEST|Any CPU.ActiveCfg = Debug|Any CPU
		{CC58A8A2-E86E-47F5-8A4B-2E0D793D2252}.DELUXEWORKSTEST|Any CPU.Build.0 = Debug|Any CPU
		{CC58A8A2-E86E-47F5-8A4B-2E0D793D2252}.Release|Any CPU.ActiveCfg = Release|Any CPU
		{CC58A8A2-E86E-47F5-8A4B-2E0D793D2252}.Release|Any CPU.Build.0 = Release|Any CPU
		{4077B0B7-062A-4F6D-8A45-A180A2ED3215}.Debug|Any CPU.ActiveCfg = Debug|Any CPU
		{4077B0B7-062A-4F6D-8A45-A180A2ED3215}.Debug|Any CPU.Build.0 = Debug|Any CPU
		{4077B0B7-062A-4F6D-8A45-A180A2ED3215}.DELUXEWORKSTEST|Any CPU.ActiveCfg = DELUXEWORKSTEST|Any CPU
		{4077B0B7-062A-4F6D-8A45-A180A2ED3215}.DELUXEWORKSTEST|Any CPU.Build.0 = DELUXEWORKSTEST|Any CPU
		{4077B0B7-062A-4F6D-8A45-A180A2ED3215}.Release|Any CPU.ActiveCfg = Release|Any CPU
		{4077B0B7-062A-4F6D-8A45-A180A2ED3215}.Release|Any CPU.Build.0 = Release|Any CPU
		{57346CDA-ACB1-42C4-BDCE-E93705FE6F2E}.Debug|Any CPU.ActiveCfg = Debug|Any CPU
		{57346CDA-ACB1-42C4-BDCE-E93705FE6F2E}.Debug|Any CPU.Build.0 = Debug|Any CPU
		{57346CDA-ACB1-42C4-BDCE-E93705FE6F2E}.DELUXEWORKSTEST|Any CPU.ActiveCfg = Debug|Any CPU
		{57346CDA-ACB1-42C4-BDCE-E93705FE6F2E}.DELUXEWORKSTEST|Any CPU.Build.0 = Debug|Any CPU
		{57346CDA-ACB1-42C4-BDCE-E93705FE6F2E}.Release|Any CPU.ActiveCfg = Release|Any CPU
		{57346CDA-ACB1-42C4-BDCE-E93705FE6F2E}.Release|Any CPU.Build.0 = Release|Any CPU
		{7905642F-4630-4D16-AF40-CB1FB70D516F}.Debug|Any CPU.ActiveCfg = Debug|Any CPU
		{7905642F-4630-4D16-AF40-CB1FB70D516F}.Debug|Any CPU.Build.0 = Debug|Any CPU
		{7905642F-4630-4D16-AF40-CB1FB70D516F}.DELUXEWORKSTEST|Any CPU.ActiveCfg = Debug|Any CPU
		{7905642F-4630-4D16-AF40-CB1FB70D516F}.DELUXEWORKSTEST|Any CPU.Build.0 = Debug|Any CPU
		{7905642F-4630-4D16-AF40-CB1FB70D516F}.Release|Any CPU.ActiveCfg = Release|Any CPU
		{7905642F-4630-4D16-AF40-CB1FB70D516F}.Release|Any CPU.Build.0 = Release|Any CPU
		{90B002AA-161D-406E-A030-7FBE21D17A89}.Debug|Any CPU.ActiveCfg = Debug|Any CPU
		{90B002AA-161D-406E-A030-7FBE21D17A89}.Debug|Any CPU.Build.0 = Debug|Any CPU
		{90B002AA-161D-406E-A030-7FBE21D17A89}.DELUXEWORKSTEST|Any CPU.ActiveCfg = Debug|Any CPU
		{90B002AA-161D-406E-A030-7FBE21D17A89}.DELUXEWORKSTEST|Any CPU.Build.0 = Debug|Any CPU
		{90B002AA-161D-406E-A030-7FBE21D17A89}.Release|Any CPU.ActiveCfg = Release|Any CPU
		{90B002AA-161D-406E-A030-7FBE21D17A89}.Release|Any CPU.Build.0 = Release|Any CPU
		{E1AF2D04-05F7-4325-B0A1-9C95CEBE3191}.Debug|Any CPU.ActiveCfg = Debug|Any CPU
		{E1AF2D04-05F7-4325-B0A1-9C95CEBE3191}.Debug|Any CPU.Build.0 = Debug|Any CPU
		{E1AF2D04-05F7-4325-B0A1-9C95CEBE3191}.DELUXEWORKSTEST|Any CPU.ActiveCfg = Debug|Any CPU
		{E1AF2D04-05F7-4325-B0A1-9C95CEBE3191}.DELUXEWORKSTEST|Any CPU.Build.0 = Debug|Any CPU
		{E1AF2D04-05F7-4325-B0A1-9C95CEBE3191}.Release|Any CPU.ActiveCfg = Release|Any CPU
		{E1AF2D04-05F7-4325-B0A1-9C95CEBE3191}.Release|Any CPU.Build.0 = Release|Any CPU
		{9156D3BD-76E4-40B6-82BB-8DE30360AE25}.Debug|Any CPU.ActiveCfg = Debug|Any CPU
		{9156D3BD-76E4-40B6-82BB-8DE30360AE25}.Debug|Any CPU.Build.0 = Debug|Any CPU
		{9156D3BD-76E4-40B6-82BB-8DE30360AE25}.DELUXEWORKSTEST|Any CPU.ActiveCfg = Debug|Any CPU
		{9156D3BD-76E4-40B6-82BB-8DE30360AE25}.DELUXEWORKSTEST|Any CPU.Build.0 = Debug|Any CPU
		{9156D3BD-76E4-40B6-82BB-8DE30360AE25}.Release|Any CPU.ActiveCfg = Release|Any CPU
		{9156D3BD-76E4-40B6-82BB-8DE30360AE25}.Release|Any CPU.Build.0 = Release|Any CPU
	EndGlobalSection
	GlobalSection(SolutionProperties) = preSolution
		HideSolutionNode = FALSE
	EndGlobalSection
EndGlobal
