Microsoft Visual Studio Solution File, Format Version 12.00
# Visual Studio 2013
VisualStudioVersion = 12.0.30501.0
MinimumVisualStudioVersion = 10.0.40219.1
Project("{00D1A9C2-B5F0-4AF3-8072-F6C62B433612}") = "WeChatInfo", "WeChatInfo.sqlproj", "{61571C67-A932-4281-8FA0-3DBC9C72FF22}"
EndProject
Global
	GlobalSection(TeamFoundationVersionControl) = preSolution
		SccNumberOfProjects = 2
		SccEnterpriseProvider = {4CA58AB2-18FA-4F8D-95D4-32DDF27D184C}
		SccTeamFoundationServer = http://shsvr9141tfs.ciicsh.local:8080/tfs/rhso
		SccLocalPath0 = .
		SccProjectUniqueName1 = WeChatInfo.sqlproj
		SccLocalPath1 = .
	EndGlobalSection
	GlobalSection(SolutionConfigurationPlatforms) = preSolution
		Debug|Any CPU = Debug|Any CPU
		Release|Any CPU = Release|Any CPU
	EndGlobalSection
	GlobalSection(ProjectConfigurationPlatforms) = postSolution
		{61571C67-A932-4281-8FA0-3DBC9C72FF22}.Debug|Any CPU.ActiveCfg = Debug|Any CPU
		{61571C67-A932-4281-8FA0-3DBC9C72FF22}.Debug|Any CPU.Build.0 = Debug|Any CPU
		{61571C67-A932-4281-8FA0-3DBC9C72FF22}.Debug|Any CPU.Deploy.0 = Debug|Any CPU
		{61571C67-A932-4281-8FA0-3DBC9C72FF22}.Release|Any CPU.ActiveCfg = Release|Any CPU
		{61571C67-A932-4281-8FA0-3DBC9C72FF22}.Release|Any CPU.Build.0 = Release|Any CPU
		{61571C67-A932-4281-8FA0-3DBC9C72FF22}.Release|Any CPU.Deploy.0 = Release|Any CPU
	EndGlobalSection
	GlobalSection(SolutionProperties) = preSolution
		HideSolutionNode = FALSE
	EndGlobalSection
EndGlobal
