
Microsoft Visual Studio Solution File, Format Version 12.00
# Visual Studio 2013
Project("{FAE04EC0-301F-11D3-BF4B-00C04F79EFBC}") = "AUCenterServices", "..\AUCenterServices.csproj", "{BD551ED5-2C88-4570-8108-3959ACC298EF}"
EndProject
Global
	
	GlobalSection(SolutionConfigurationPlatforms) = preSolution
		Debug|Any CPU = Debug|Any CPU
		Release|Any CPU = Release|Any CPU
	EndGlobalSection
	GlobalSection(ProjectConfigurationPlatforms) = postSolution
		{BD551ED5-2C88-4570-8108-3959ACC298EF}.Debug|Any CPU.ActiveCfg = Debug|Any CPU
		{BD551ED5-2C88-4570-8108-3959ACC298EF}.Debug|Any CPU.Build.0 = Debug|Any CPU
		{BD551ED5-2C88-4570-8108-3959ACC298EF}.Release|Any CPU.ActiveCfg = Release|Any CPU
		{BD551ED5-2C88-4570-8108-3959ACC298EF}.Release|Any CPU.Build.0 = Release|Any CPU
	EndGlobalSection
	GlobalSection(SolutionProperties) = preSolution
		HideSolutionNode = FALSE
	EndGlobalSection
EndGlobal
