
Microsoft Visual Studio Solution File, Format Version 12.00
# Visual Studio 2013
VisualStudioVersion = 12.0.30723.0
MinimumVisualStudioVersion = 10.0.40219.1
Project("{FAE04EC0-301F-11D3-BF4B-00C04F79EFBC}") = "WfOperationServices.Test", "WfOperationServices.Test.csproj", "{30C92035-7D96-4EB2-96F5-B544392FBD46}"
	ProjectSection(ProjectDependencies) = postProject
		{E24FAE52-428F-4B6E-8D9D-B24E7EE0A940} = {E24FAE52-428F-4B6E-8D9D-B24E7EE0A940}
		{BCCA14A9-DC96-45C8-91C1-77CA6E51F70C} = {BCCA14A9-DC96-45C8-91C1-77CA6E51F70C}
		{2BDA53BC-7BD9-4707-8DA4-A8B6DF7A46DC} = {2BDA53BC-7BD9-4707-8DA4-A8B6DF7A46DC}
		{F4819ABF-3CD4-4158-BF86-8FE4D3F6A7A6} = {F4819ABF-3CD4-4158-BF86-8FE4D3F6A7A6}
		{78CD90D6-129A-401C-8396-E7AD8996219E} = {78CD90D6-129A-401C-8396-E7AD8996219E}
		{907005FA-1172-4B50-B44A-5F208D191DD2} = {907005FA-1172-4B50-B44A-5F208D191DD2}
	EndProjectSection
EndProject
Project("{FAE04EC0-301F-11D3-BF4B-00C04F79EFBC}") = "MCS.Library.WF.Contracts", "..\..\MCS.Library.WF.Contracts\MCS.Library.WF.Contracts.csproj", "{E24FAE52-428F-4B6E-8D9D-B24E7EE0A940}"
	ProjectSection(ProjectDependencies) = postProject
		{BCCA14A9-DC96-45C8-91C1-77CA6E51F70C} = {BCCA14A9-DC96-45C8-91C1-77CA6E51F70C}
	EndProjectSection
EndProject
Project("{FAE04EC0-301F-11D3-BF4B-00C04F79EFBC}") = "MCS.Library.Services.Contracts", "..\..\MCS.Library.Services.Contracts\MCS.Library.Services.Contracts.csproj", "{BCCA14A9-DC96-45C8-91C1-77CA6E51F70C}"
EndProject
Project("{FAE04EC0-301F-11D3-BF4B-00C04F79EFBC}") = "MCS.Library.WcfExtensions", "..\..\MCS.Library.WcfExtensions\MCS.Library.WcfExtensions.csproj", "{F4819ABF-3CD4-4158-BF86-8FE4D3F6A7A6}"
	ProjectSection(ProjectDependencies) = postProject
		{78CD90D6-129A-401C-8396-E7AD8996219E} = {78CD90D6-129A-401C-8396-E7AD8996219E}
	EndProjectSection
EndProject
Project("{FAE04EC0-301F-11D3-BF4B-00C04F79EFBC}") = "MCS.Library.WF.Contracts.Common.Test", "..\MCS.Library.WF.Contracts.Common.Test\MCS.Library.WF.Contracts.Common.Test.csproj", "{A423B431-45D1-4DE1-AF5F-160A3A4C8B19}"
	ProjectSection(ProjectDependencies) = postProject
		{E24FAE52-428F-4B6E-8D9D-B24E7EE0A940} = {E24FAE52-428F-4B6E-8D9D-B24E7EE0A940}
		{BCCA14A9-DC96-45C8-91C1-77CA6E51F70C} = {BCCA14A9-DC96-45C8-91C1-77CA6E51F70C}
		{F4819ABF-3CD4-4158-BF86-8FE4D3F6A7A6} = {F4819ABF-3CD4-4158-BF86-8FE4D3F6A7A6}
	EndProjectSection
EndProject
Project("{FAE04EC0-301F-11D3-BF4B-00C04F79EFBC}") = "MCS.Web.Library.Script.Json", "..\..\MCS.Web.Library.Script.Json\MCS.Web.Library.Script.Json.csproj", "{78CD90D6-129A-401C-8396-E7AD8996219E}"
EndProject
Project("{FAE04EC0-301F-11D3-BF4B-00C04F79EFBC}") = "MCS.Library.WF.Contracts.Json", "..\..\MCS.Library.WF.Contracts.Json\MCS.Library.WF.Contracts.Json.csproj", "{2BDA53BC-7BD9-4707-8DA4-A8B6DF7A46DC}"
	ProjectSection(ProjectDependencies) = postProject
		{E24FAE52-428F-4B6E-8D9D-B24E7EE0A940} = {E24FAE52-428F-4B6E-8D9D-B24E7EE0A940}
		{BCCA14A9-DC96-45C8-91C1-77CA6E51F70C} = {BCCA14A9-DC96-45C8-91C1-77CA6E51F70C}
		{78CD90D6-129A-401C-8396-E7AD8996219E} = {78CD90D6-129A-401C-8396-E7AD8996219E}
	EndProjectSection
EndProject
Project("{FAE04EC0-301F-11D3-BF4B-00C04F79EFBC}") = "MCS.Library.WF.Contracts.Proxies", "..\..\MCS.Library.WF.Contracts.Proxies\MCS.Library.WF.Contracts.Proxies.csproj", "{907005FA-1172-4B50-B44A-5F208D191DD2}"
	ProjectSection(ProjectDependencies) = postProject
		{E24FAE52-428F-4B6E-8D9D-B24E7EE0A940} = {E24FAE52-428F-4B6E-8D9D-B24E7EE0A940}
		{BCCA14A9-DC96-45C8-91C1-77CA6E51F70C} = {BCCA14A9-DC96-45C8-91C1-77CA6E51F70C}
		{2BDA53BC-7BD9-4707-8DA4-A8B6DF7A46DC} = {2BDA53BC-7BD9-4707-8DA4-A8B6DF7A46DC}
		{F4819ABF-3CD4-4158-BF86-8FE4D3F6A7A6} = {F4819ABF-3CD4-4158-BF86-8FE4D3F6A7A6}
		{78CD90D6-129A-401C-8396-E7AD8996219E} = {78CD90D6-129A-401C-8396-E7AD8996219E}
	EndProjectSection
EndProject
Global
	GlobalSection(TeamFoundationVersionControl) = preSolution
		SccNumberOfProjects = 5
		SccEnterpriseProvider = {4CA58AB2-18FA-4F8D-95D4-32DDF27D184C}
		SccTeamFoundationServer = http://shsvr9141tfs.ciicsh.local:8080/tfs/rhso
		SccProjectUniqueName0 = ..\\..\\MCS.Library.WcfExtensions\\MCS.Library.WcfExtensions.csproj
		SccProjectName0 = ../../MCS.Library.WcfExtensions
		SccLocalPath0 = ..\\..\\MCS.Library.WcfExtensions
		SccProjectUniqueName1 = ..\\..\\MCS.Library.Services.Contracts\\MCS.Library.Services.Contracts.csproj
		SccProjectName1 = ../../MCS.Library.Services.Contracts
		SccLocalPath1 = ..\\..\\MCS.Library.Services.Contracts
		SccProjectUniqueName2 = ..\\..\\MCS.Library.WF.Contracts\\MCS.Library.WF.Contracts.csproj
		SccProjectName2 = ../../MCS.Library.WF.Contracts
		SccLocalPath2 = ..\\..\\MCS.Library.WF.Contracts
		SccLocalPath3 = .
		SccProjectUniqueName4 = WfOperationServices.Test.csproj
		SccLocalPath4 = .
	EndGlobalSection
	GlobalSection(SolutionConfigurationPlatforms) = preSolution
		Debug|Any CPU = Debug|Any CPU
		Release|Any CPU = Release|Any CPU
	EndGlobalSection
	GlobalSection(ProjectConfigurationPlatforms) = postSolution
		{30C92035-7D96-4EB2-96F5-B544392FBD46}.Debug|Any CPU.ActiveCfg = Debug|Any CPU
		{30C92035-7D96-4EB2-96F5-B544392FBD46}.Debug|Any CPU.Build.0 = Debug|Any CPU
		{30C92035-7D96-4EB2-96F5-B544392FBD46}.Release|Any CPU.ActiveCfg = Release|Any CPU
		{30C92035-7D96-4EB2-96F5-B544392FBD46}.Release|Any CPU.Build.0 = Release|Any CPU
		{E24FAE52-428F-4B6E-8D9D-B24E7EE0A940}.Debug|Any CPU.ActiveCfg = Debug|Any CPU
		{E24FAE52-428F-4B6E-8D9D-B24E7EE0A940}.Debug|Any CPU.Build.0 = Debug|Any CPU
		{E24FAE52-428F-4B6E-8D9D-B24E7EE0A940}.Release|Any CPU.ActiveCfg = Release|Any CPU
		{E24FAE52-428F-4B6E-8D9D-B24E7EE0A940}.Release|Any CPU.Build.0 = Release|Any CPU
		{BCCA14A9-DC96-45C8-91C1-77CA6E51F70C}.Debug|Any CPU.ActiveCfg = Debug|Any CPU
		{BCCA14A9-DC96-45C8-91C1-77CA6E51F70C}.Debug|Any CPU.Build.0 = Debug|Any CPU
		{BCCA14A9-DC96-45C8-91C1-77CA6E51F70C}.Release|Any CPU.ActiveCfg = Release|Any CPU
		{BCCA14A9-DC96-45C8-91C1-77CA6E51F70C}.Release|Any CPU.Build.0 = Release|Any CPU
		{F4819ABF-3CD4-4158-BF86-8FE4D3F6A7A6}.Debug|Any CPU.ActiveCfg = Debug|Any CPU
		{F4819ABF-3CD4-4158-BF86-8FE4D3F6A7A6}.Debug|Any CPU.Build.0 = Debug|Any CPU
		{F4819ABF-3CD4-4158-BF86-8FE4D3F6A7A6}.Release|Any CPU.ActiveCfg = Release|Any CPU
		{F4819ABF-3CD4-4158-BF86-8FE4D3F6A7A6}.Release|Any CPU.Build.0 = Release|Any CPU
		{A423B431-45D1-4DE1-AF5F-160A3A4C8B19}.Debug|Any CPU.ActiveCfg = Debug|Any CPU
		{A423B431-45D1-4DE1-AF5F-160A3A4C8B19}.Debug|Any CPU.Build.0 = Debug|Any CPU
		{A423B431-45D1-4DE1-AF5F-160A3A4C8B19}.Release|Any CPU.ActiveCfg = Release|Any CPU
		{A423B431-45D1-4DE1-AF5F-160A3A4C8B19}.Release|Any CPU.Build.0 = Release|Any CPU
		{78CD90D6-129A-401C-8396-E7AD8996219E}.Debug|Any CPU.ActiveCfg = Debug|Any CPU
		{78CD90D6-129A-401C-8396-E7AD8996219E}.Debug|Any CPU.Build.0 = Debug|Any CPU
		{78CD90D6-129A-401C-8396-E7AD8996219E}.Release|Any CPU.ActiveCfg = Release|Any CPU
		{78CD90D6-129A-401C-8396-E7AD8996219E}.Release|Any CPU.Build.0 = Release|Any CPU
		{2BDA53BC-7BD9-4707-8DA4-A8B6DF7A46DC}.Debug|Any CPU.ActiveCfg = Debug|Any CPU
		{2BDA53BC-7BD9-4707-8DA4-A8B6DF7A46DC}.Debug|Any CPU.Build.0 = Debug|Any CPU
		{2BDA53BC-7BD9-4707-8DA4-A8B6DF7A46DC}.Release|Any CPU.ActiveCfg = Release|Any CPU
		{2BDA53BC-7BD9-4707-8DA4-A8B6DF7A46DC}.Release|Any CPU.Build.0 = Release|Any CPU
		{907005FA-1172-4B50-B44A-5F208D191DD2}.Debug|Any CPU.ActiveCfg = Debug|Any CPU
		{907005FA-1172-4B50-B44A-5F208D191DD2}.Debug|Any CPU.Build.0 = Debug|Any CPU
		{907005FA-1172-4B50-B44A-5F208D191DD2}.Release|Any CPU.ActiveCfg = Release|Any CPU
		{907005FA-1172-4B50-B44A-5F208D191DD2}.Release|Any CPU.Build.0 = Release|Any CPU
	EndGlobalSection
	GlobalSection(SolutionProperties) = preSolution
		HideSolutionNode = FALSE
	EndGlobalSection
EndGlobal
