Microsoft Visual Studio Solution File, Format Version 12.00
# Visual Studio 2013
VisualStudioVersion = 12.0.30501.0
MinimumVisualStudioVersion = 10.0.40219.1
Project("{FAE04EC0-301F-11D3-BF4B-00C04F79EFBC}") = "AccreditAdmin", "AccreditAdmin.csproj", "{AC7AC6F8-F91E-4A8F-B895-AABCD8D5EC3D}"
EndProject
Global
	GlobalSection(TeamFoundationVersionControl) = preSolution
		SccNumberOfProjects = 2
		SccEnterpriseProvider = {4CA58AB2-18FA-4F8D-95D4-32DDF27D184C}
		SccTeamFoundationServer = http://shsvr9141tfs.ciicsh.local:8080/tfs/rhso
		SccLocalPath0 = .
		SccProjectUniqueName1 = AccreditAdmin.csproj
		SccLocalPath1 = .
	EndGlobalSection
	GlobalSection(SolutionConfigurationPlatforms) = preSolution
		Debug|Any CPU = Debug|Any CPU
		DELUXEWORKSTEST|Any CPU = DELUXEWORKSTEST|Any CPU
		Release|Any CPU = Release|Any CPU
	EndGlobalSection
	GlobalSection(ProjectConfigurationPlatforms) = postSolution
		{AC7AC6F8-F91E-4A8F-B895-AABCD8D5EC3D}.Debug|Any CPU.ActiveCfg = Debug|Any CPU
		{AC7AC6F8-F91E-4A8F-B895-AABCD8D5EC3D}.Debug|Any CPU.Build.0 = Debug|Any CPU
		{AC7AC6F8-F91E-4A8F-B895-AABCD8D5EC3D}.DELUXEWORKSTEST|Any CPU.ActiveCfg = DELUXEWORKSTEST|Any CPU
		{AC7AC6F8-F91E-4A8F-B895-AABCD8D5EC3D}.DELUXEWORKSTEST|Any CPU.Build.0 = DELUXEWORKSTEST|Any CPU
		{AC7AC6F8-F91E-4A8F-B895-AABCD8D5EC3D}.Release|Any CPU.ActiveCfg = Release|Any CPU
		{AC7AC6F8-F91E-4A8F-B895-AABCD8D5EC3D}.Release|Any CPU.Build.0 = Release|Any CPU
	EndGlobalSection
	GlobalSection(SolutionProperties) = preSolution
		HideSolutionNode = FALSE
	EndGlobalSection
EndGlobal
