
Microsoft Visual Studio Solution File, Format Version 11.00
# Visual Studio 2010
Project("{FAE04EC0-301F-11D3-BF4B-00C04F79EFBC}") = "GoSilverlightSrc4", "GoSilverlightSrc4.csproj", "{C117B8EB-726E-4BAF-9416-FFC79CFA263B}"
EndProject
Global
	GlobalSection(TeamFoundationVersionControl) = preSolution
		SccNumberOfProjects = 2
		SccEnterpriseProvider = {4CA58AB2-18FA-4F8D-95D4-32DDF27D184C}
		SccTeamFoundationServer = http://alm-vsts02:8080/tfs/seagull2collection
		SccLocalPath0 = .
		SccProjectUniqueName1 = GoSilverlightSrc4.csproj
		SccLocalPath1 = .
	EndGlobalSection
	GlobalSection(SolutionConfigurationPlatforms) = preSolution
		Debug|Any CPU = Debug|Any CPU
		Release|Any CPU = Release|Any CPU
	EndGlobalSection
	GlobalSection(ProjectConfigurationPlatforms) = postSolution
		{C117B8EB-726E-4BAF-9416-FFC79CFA263B}.Debug|Any CPU.ActiveCfg = Debug|Any CPU
		{C117B8EB-726E-4BAF-9416-FFC79CFA263B}.Debug|Any CPU.Build.0 = Debug|Any CPU
		{C117B8EB-726E-4BAF-9416-FFC79CFA263B}.Release|Any CPU.ActiveCfg = Release|Any CPU
		{C117B8EB-726E-4BAF-9416-FFC79CFA263B}.Release|Any CPU.Build.0 = Release|Any CPU
	EndGlobalSection
	GlobalSection(SolutionProperties) = preSolution
		HideSolutionNode = FALSE
	EndGlobalSection
EndGlobal
